# This file is generated by running "yarn install" inside your project.
# Manual changes might be lost - proceed with caution!

__metadata:
  version: 6
  cacheKey: 8

"@legendapp/list@npm:^2.0.13":
  version: 2.0.13
  resolution: "@legendapp/list@npm:2.0.13"
  dependencies:
    use-sync-external-store: ^1.5.0
  peerDependencies:
    react: "*"
    react-native: "*"
  checksum: de22dd4998a15dba7897b9bbb55e249151d2698d81791385736b1116aaa7b04d0332eba070462cfb2d9361c97f229e192a40498b4690bc15fdd825fa9950b27a
  languageName: node
  linkType: hard

"@llm-chat/chat@workspace:.":
  version: 0.0.0-use.local
  resolution: "@llm-chat/chat@workspace:."
  dependencies:
    "@legendapp/list": ^2.0.13
    "@types/bun": latest
    jotai: ^2.15.0
    react-native-markdown-display: ^7.0.2
  peerDependencies:
    "@react-native-masked-view/masked-view": "*"
    expo: "*"
    expo-crypto: "*"
    expo-linear-gradient: "*"
    react: "*"
    react-native: "*"
    react-native-reanimated: "*"
    react-native-safe-area-context: "*"
    react-native-svg: "*"
    typescript: ^5.0.0
  languageName: unknown
  linkType: soft

"@types/bun@npm:latest":
  version: 1.3.0
  resolution: "@types/bun@npm:1.3.0"
  dependencies:
    bun-types: 1.3.0
  checksum: c769accf7eed0345bad7bf478a662c35c766fb2d64fec63e708725d3d1393b99304dc44a6d66f2bb24134d9339bd41e41d11bb9aa55dd0f8ff1332374feca52e
  languageName: node
  linkType: hard

"@types/node@npm:*":
  version: 24.9.1
  resolution: "@types/node@npm:24.9.1"
  dependencies:
    undici-types: ~7.16.0
  checksum: f32abf3f89f51587238997787242873df6be5081afbd0f4f33354913c939262aa979a7c7693a4ad676843cdb65c03c71565e5aade08a7a699eb001bda98abe1e
  languageName: node
  linkType: hard

"argparse@npm:^1.0.7":
  version: 1.0.10
  resolution: "argparse@npm:1.0.10"
  dependencies:
    sprintf-js: ~1.0.2
  checksum: 7ca6e45583a28de7258e39e13d81e925cfa25d7d4aacbf806a382d3c02fcb13403a07fb8aeef949f10a7cfe4a62da0e2e807b348a5980554cc28ee573ef95945
  languageName: node
  linkType: hard

"bun-types@npm:1.3.0":
  version: 1.3.0
  resolution: "bun-types@npm:1.3.0"
  dependencies:
    "@types/node": "*"
  peerDependencies:
    "@types/react": ^19
  checksum: 11fc5643d9126f81765e429d4d773c1efbed76f878fcf839edbf038e14e9f59f92b7739037f685b5a03236baff2535492590eab3ed8dedfb8e9b61bd6fab2711
  languageName: node
  linkType: hard

"camelize@npm:^1.0.0":
  version: 1.0.1
  resolution: "camelize@npm:1.0.1"
  checksum: 91d8611d09af725e422a23993890d22b2b72b4cabf7239651856950c76b4bf53fe0d0da7c5e4db05180e898e4e647220e78c9fbc976113bd96d603d1fcbfcb99
  languageName: node
  linkType: hard

"css-color-keywords@npm:^1.0.0":
  version: 1.0.0
  resolution: "css-color-keywords@npm:1.0.0"
  checksum: 8f125e3ad477bd03c77b533044bd9e8a6f7c0da52d49bbc0bbe38327b3829d6ba04d368ca49dd9ff3b667d2fc8f1698d891c198bbf8feade1a5501bf5a296408
  languageName: node
  linkType: hard

"css-to-react-native@npm:^3.0.0":
  version: 3.2.0
  resolution: "css-to-react-native@npm:3.2.0"
  dependencies:
    camelize: ^1.0.0
    css-color-keywords: ^1.0.0
    postcss-value-parser: ^4.0.2
  checksum: 263be65e805aef02c3f20c064665c998a8c35293e1505dbe6e3054fb186b01a9897ac6cf121f9840e5a9dfe3fb3994f6fcd0af84a865f1df78ba5bf89e77adce
  languageName: node
  linkType: hard

"entities@npm:~2.0.0":
  version: 2.0.3
  resolution: "entities@npm:2.0.3"
  checksum: 5a7899fcc622e0d76afdeafe4c58a6b40ae3a8ee4772e5825a648c11a2ca324a9a02515386f512e466baac4aeb551f3d3b79eaece5cd98369b9f8601be336b1a
  languageName: node
  linkType: hard

"jotai@npm:^2.15.0":
  version: 2.15.0
  resolution: "jotai@npm:2.15.0"
  peerDependencies:
    "@babel/core": ">=7.0.0"
    "@babel/template": ">=7.0.0"
    "@types/react": ">=17.0.0"
    react: ">=17.0.0"
  peerDependenciesMeta:
    "@babel/core":
      optional: true
    "@babel/template":
      optional: true
    "@types/react":
      optional: true
    react:
      optional: true
  checksum: bcf674db85030772984ca907ca137535d6ad88e0b88e26d025b518cb783675bb80e0295979dcd2145653708e07ad9235c309b98b2f07d25bae9ddbf10ef4677a
  languageName: node
  linkType: hard

"js-tokens@npm:^3.0.0 || ^4.0.0":
  version: 4.0.0
  resolution: "js-tokens@npm:4.0.0"
  checksum: 8a95213a5a77deb6cbe94d86340e8d9ace2b93bc367790b260101d2f36a2eaf4e4e22d9fa9cf459b38af3a32fb4190e638024cf82ec95ef708680e405ea7cc78
  languageName: node
  linkType: hard

"linkify-it@npm:^2.0.0":
  version: 2.2.0
  resolution: "linkify-it@npm:2.2.0"
  dependencies:
    uc.micro: ^1.0.1
  checksum: d198871d0b3f3cfdb745dae564bfd6743474f20cd0ef1057e6ca29451834749e7f3da52b59b4de44e98f31a1e5c71bdad160490d4ae54de251cbcde57e4d7837
  languageName: node
  linkType: hard

"loose-envify@npm:^1.4.0":
  version: 1.4.0
  resolution: "loose-envify@npm:1.4.0"
  dependencies:
    js-tokens: ^3.0.0 || ^4.0.0
  bin:
    loose-envify: cli.js
  checksum: 6517e24e0cad87ec9888f500c5b5947032cdfe6ef65e1c1936a0c48a524b81e65542c9c3edc91c97d5bddc806ee2a985dbc79be89215d613b1de5db6d1cfe6f4
  languageName: node
  linkType: hard

"markdown-it@npm:^10.0.0":
  version: 10.0.0
  resolution: "markdown-it@npm:10.0.0"
  dependencies:
    argparse: ^1.0.7
    entities: ~2.0.0
    linkify-it: ^2.0.0
    mdurl: ^1.0.1
    uc.micro: ^1.0.5
  bin:
    markdown-it: bin/markdown-it.js
  checksum: 69f5ee640cbebb451b80d3cce308fff7230767e05c0f8c206a1e413775b7a6e5a08e91e9f3ec59f9b5c5a45493f9ce7ac089379cffb60c9d3e6677ed9d535086
  languageName: node
  linkType: hard

"mdurl@npm:^1.0.1":
  version: 1.0.1
  resolution: "mdurl@npm:1.0.1"
  checksum: 71731ecba943926bfbf9f9b51e28b5945f9411c4eda80894221b47cc105afa43ba2da820732b436f0798fd3edbbffcd1fc1415843c41a87fea08a41cc1e3d02b
  languageName: node
  linkType: hard

"object-assign@npm:^4.1.1":
  version: 4.1.1
  resolution: "object-assign@npm:4.1.1"
  checksum: fcc6e4ea8c7fe48abfbb552578b1c53e0d194086e2e6bbbf59e0a536381a292f39943c6e9628af05b5528aa5e3318bb30d6b2e53cadaf5b8fe9e12c4b69af23f
  languageName: node
  linkType: hard

"postcss-value-parser@npm:^4.0.2":
  version: 4.2.0
  resolution: "postcss-value-parser@npm:4.2.0"
  checksum: 819ffab0c9d51cf0acbabf8996dffbfafbafa57afc0e4c98db88b67f2094cb44488758f06e5da95d7036f19556a4a732525e84289a425f4f6fd8e412a9d7442f
  languageName: node
  linkType: hard

"prop-types@npm:^15.5.10, prop-types@npm:^15.7.2":
  version: 15.8.1
  resolution: "prop-types@npm:15.8.1"
  dependencies:
    loose-envify: ^1.4.0
    object-assign: ^4.1.1
    react-is: ^16.13.1
  checksum: c056d3f1c057cb7ff8344c645450e14f088a915d078dcda795041765047fa080d38e5d626560ccaac94a4e16e3aa15f3557c1a9a8d1174530955e992c675e459
  languageName: node
  linkType: hard

"react-is@npm:^16.13.1":
  version: 16.13.1
  resolution: "react-is@npm:16.13.1"
  checksum: f7a19ac3496de32ca9ae12aa030f00f14a3d45374f1ceca0af707c831b2a6098ef0d6bdae51bd437b0a306d7f01d4677fcc8de7c0d331eb47ad0f46130e53c5f
  languageName: node
  linkType: hard

"react-native-fit-image@npm:^1.5.5":
  version: 1.5.5
  resolution: "react-native-fit-image@npm:1.5.5"
  dependencies:
    prop-types: ^15.5.10
  checksum: 2f3ce06b43191efe3a4bd0698a4117342d821455c96433e9561d50f156ee446d2c449bf9e0908f9a8b7bbb8f95c02478d4fca8d8d103f38b6ce3b8b75557af15
  languageName: node
  linkType: hard

"react-native-markdown-display@npm:^7.0.2":
  version: 7.0.2
  resolution: "react-native-markdown-display@npm:7.0.2"
  dependencies:
    css-to-react-native: ^3.0.0
    markdown-it: ^10.0.0
    prop-types: ^15.7.2
    react-native-fit-image: ^1.5.5
  peerDependencies:
    react: ">=16.2.0"
    react-native: ">=0.50.4"
  checksum: 69c64f2d21f4ebf001c71d6dff31ef5e13946a0b46b2d2f2830efa89d648afbd8c336be8552264b42d693446e13a3f81fdbfdd5aa9b20878441acabd59f0a54e
  languageName: node
  linkType: hard

"sprintf-js@npm:~1.0.2":
  version: 1.0.3
  resolution: "sprintf-js@npm:1.0.3"
  checksum: 19d79aec211f09b99ec3099b5b2ae2f6e9cdefe50bc91ac4c69144b6d3928a640bb6ae5b3def70c2e85a2c3d9f5ec2719921e3a59d3ca3ef4b2fd1a4656a0df3
  languageName: node
  linkType: hard

"uc.micro@npm:^1.0.1, uc.micro@npm:^1.0.5":
  version: 1.0.6
  resolution: "uc.micro@npm:1.0.6"
  checksum: 6898bb556319a38e9cf175e3628689347bd26fec15fc6b29fa38e0045af63075ff3fea4cf1fdba9db46c9f0cbf07f2348cd8844889dd31ebd288c29fe0d27e7a
  languageName: node
  linkType: hard

"undici-types@npm:~7.16.0":
  version: 7.16.0
  resolution: "undici-types@npm:7.16.0"
  checksum: 1ef68fc6c5bad200c8b6f17de8e5bc5cfdcadc164ba8d7208cd087cfa8583d922d8316a7fd76c9a658c22b4123d3ff847429185094484fbc65377d695c905857
  languageName: node
  linkType: hard

"use-sync-external-store@npm:^1.5.0":
  version: 1.6.0
  resolution: "use-sync-external-store@npm:1.6.0"
  peerDependencies:
    react: ^16.8.0 || ^17.0.0 || ^18.0.0 || ^19.0.0
  checksum: 61a62e910713adfaf91bdb72ff2cd30e5ba83687accaf3b6e75a903b45bf635f5722e3694af30d83a03e92cb533c0a5c699298d2fef639a03ffc86b469f4eee2
  languageName: node
  linkType: hard
